uuid: 782ca3dd-323d-4078-9a08-07c3a9d5c576
langcode: en
status: true
dependencies:
  module:
    - hdbt_content
  theme:
    - asuntotuotanto
id: lowercontentblock
theme: asuntotuotanto
region: after_content
weight: -6
provider: null
plugin: lower_content_block
settings:
  id: lower_content_block
  label: 'Lower content block'
  provider: hdbt_content
  label_display: '0'
visibility: {  }
