uuid: 2093ccf0-04be-4028-b3f1-14d2f0751a98
langcode: en
status: true
dependencies:
  module:
    - ctools
    - eu_cookie_compliance
    - system
  theme:
    - hdbt
_core:
  default_config_hash: Ofp5Nv8E3DryORBw9DXtbN860LdYomjt-klGkC0fCHs
id: eucookiecomplianceblock
theme: hdbt
region: after_content
weight: -5
provider: null
plugin: eu_cookie_compliance_block
settings:
  id: eu_cookie_compliance_block
  label: 'EU Cookie Compliance Block'
  label_display: '0'
  provider: eu_cookie_compliance
  eu_cookie_compliance_block_settings:
    description:
      value: ''
      format: full_html
visibility:
  'entity_bundle:node':
    id: 'entity_bundle:node'
    negate: false
    context_mapping:
      node: '@node.node_route_context:node'
    bundles:
      page: page
  request_path:
    id: request_path
    negate: false
    pages: /node/1
