uuid: 71f03d3f-7543-467f-b688-2b989689b011
langcode: en
status: true
dependencies:
  module:
    - ctools
    - hdbt_content
  theme:
    - asuntotuotanto
_core:
  default_config_hash: nH8M6u66xNnGzjplyiDZAKKeyzDR6NFyTMXNwDYzldk
id: heroblock
theme: asuntotuotanto
region: before_content
weight: -5
provider: null
plugin: hero_block
settings:
  id: hero_block
  label: 'Hero block'
  label_display: '0'
  provider: hdbt_content
visibility:
  'entity_bundle:node':
    id: 'entity_bundle:node'
    negate: false
    context_mapping:
      node: '@node.node_route_context:node'
    bundles:
      landing_page: landing_page
      page: page
