uuid: bcc4516f-cba0-426e-9761-0805cfa237d2
langcode: en
status: true
dependencies:
  module:
    - hdbt_content
  theme:
    - asuntotuotanto
_core:
  default_config_hash: tNA-kZeJYbWgoVL9w2tJxX5TkbOqzXQVOVardatKtk8
id: lowercontentblock
theme: asuntotuotanto
region: after_content
weight: -8
provider: null
plugin: lower_content_block
settings:
  id: lower_content_block
  label: 'Lower content block'
  label_display: '0'
  provider: hdbt_content
visibility: {  }
